// !$*UTF8*$!
{
	archiveVersion = 1;
	classes = {
	};
	objectVersion = 56;
	objects = {

/* Begin PBXBuildFile section */
		A8199E3E29CDD10A00184F34 /* Constraints.swift in Sources */ = {isa = PBXBuildFile; fileRef = A8199E3D29CDD10A00184F34 /* Constraints.swift */; };
		A8199E4029CDDA3800184F34 /* Constants.swift in Sources */ = {isa = PBXBuildFile; fileRef = A8199E3F29CDDA3800184F34 /* Constants.swift */; };
		A83B51CC29C899B300AD104E /* FeedResponse.swift in Sources */ = {isa = PBXBuildFile; fileRef = A83B51CB29C899B300AD104E /* FeedResponse.swift */; };
		A83B51CE29C89CEA00AD104E /* NetworkDataFetcher.swift in Sources */ = {isa = PBXBuildFile; fileRef = A83B51CD29C89CEA00AD104E /* NetworkDataFetcher.swift */; };
		A83B51D729C8A42200AD104E /* NewsFeedPresenter.swift in Sources */ = {isa = PBXBuildFile; fileRef = A83B51D029C8A42200AD104E /* NewsFeedPresenter.swift */; };
		A83B51D829C8A42200AD104E /* NewsFeedWorker.swift in Sources */ = {isa = PBXBuildFile; fileRef = A83B51D129C8A42200AD104E /* NewsFeedWorker.swift */; };
		A83B51D929C8A42200AD104E /* NewsFeedRouter.swift in Sources */ = {isa = PBXBuildFile; fileRef = A83B51D229C8A42200AD104E /* NewsFeedRouter.swift */; };
		A83B51DA29C8A42200AD104E /* NewsFeedModels.swift in Sources */ = {isa = PBXBuildFile; fileRef = A83B51D329C8A42200AD104E /* NewsFeedModels.swift */; };
		A83B51DB29C8A42200AD104E /* NewsFeedViewController.swift in Sources */ = {isa = PBXBuildFile; fileRef = A83B51D429C8A42200AD104E /* NewsFeedViewController.swift */; };
		A83B51DC29C8A42200AD104E /* NewsFeedInteractor.swift in Sources */ = {isa = PBXBuildFile; fileRef = A83B51D529C8A42200AD104E /* NewsFeedInteractor.swift */; };
		A84F2DF729D1BD4C00953B92 /* GalleryCollectionView.swift in Sources */ = {isa = PBXBuildFile; fileRef = A84F2DF629D1BD4C00953B92 /* GalleryCollectionView.swift */; };
		A84F2DF929D1BE8200953B92 /* GalleryCollectionViewCell.swift in Sources */ = {isa = PBXBuildFile; fileRef = A84F2DF829D1BE8200953B92 /* GalleryCollectionViewCell.swift */; };
		A84F2DFB29D1CD2900953B92 /* RowLayout.swift in Sources */ = {isa = PBXBuildFile; fileRef = A84F2DFA29D1CD2900953B92 /* RowLayout.swift */; };
		A876860029CD755D00C470C5 /* NewsFeedCellLayoutCalculator.swift in Sources */ = {isa = PBXBuildFile; fileRef = A87685FF29CD755D00C470C5 /* NewsFeedCellLayoutCalculator.swift */; };
		A876860229CD868D00C470C5 /* String + Height.swift in Sources */ = {isa = PBXBuildFile; fileRef = A876860129CD868D00C470C5 /* String + Height.swift */; };
		A876860429CDCB4900C470C5 /* NewsFeedCodeCell.swift in Sources */ = {isa = PBXBuildFile; fileRef = A876860329CDCB4900C470C5 /* NewsFeedCodeCell.swift */; };
		A8B5AFFB29D3403E00F5E7B6 /* GradientView.swift in Sources */ = {isa = PBXBuildFile; fileRef = A8B5AFFA29D3403E00F5E7B6 /* GradientView.swift */; };
		A8C4A6A929CAE08100698962 /* NewsFeedViewController.storyboard in Resources */ = {isa = PBXBuildFile; fileRef = A8C4A6A829CAE08100698962 /* NewsFeedViewController.storyboard */; };
		A8C4A6AC29CAF05700698962 /* NewsFeedCell.swift in Sources */ = {isa = PBXBuildFile; fileRef = A8C4A6AB29CAF05700698962 /* NewsFeedCell.swift */; };
		A8C4A6AE29CAF0B900698962 /* NewsFeedCell.xib in Resources */ = {isa = PBXBuildFile; fileRef = A8C4A6AD29CAF0B900698962 /* NewsFeedCell.xib */; };
		A8C4A6B129CB361E00698962 /* WebImageView.swift in Sources */ = {isa = PBXBuildFile; fileRef = A8C4A6B029CB361E00698962 /* WebImageView.swift */; };
		A8D27C2B29C8387D0000C11B /* AppDelegate.swift in Sources */ = {isa = PBXBuildFile; fileRef = A8D27C2A29C8387D0000C11B /* AppDelegate.swift */; };
		A8D27C2D29C8387D0000C11B /* SceneDelegate.swift in Sources */ = {isa = PBXBuildFile; fileRef = A8D27C2C29C8387D0000C11B /* SceneDelegate.swift */; };
		A8D27C2F29C8387D0000C11B /* AuthViewController.swift in Sources */ = {isa = PBXBuildFile; fileRef = A8D27C2E29C8387D0000C11B /* AuthViewController.swift */; };
		A8D27C3429C838800000C11B /* Assets.xcassets in Resources */ = {isa = PBXBuildFile; fileRef = A8D27C3329C838800000C11B /* Assets.xcassets */; };
		A8D27C3729C838800000C11B /* LaunchScreen.storyboard in Resources */ = {isa = PBXBuildFile; fileRef = A8D27C3529C838800000C11B /* LaunchScreen.storyboard */; };
		A8F2004E29C846A700A30D88 /* AuthService.swift in Sources */ = {isa = PBXBuildFile; fileRef = A8F2004D29C846A700A30D88 /* AuthService.swift */; };
		A8F2005529C84D4200A30D88 /* VKSdkFramework.xcframework in Frameworks */ = {isa = PBXBuildFile; fileRef = A8F2005429C84D4100A30D88 /* VKSdkFramework.xcframework */; };
		A8F2005629C84D4200A30D88 /* VKSdkFramework.xcframework in Embed Frameworks */ = {isa = PBXBuildFile; fileRef = A8F2005429C84D4100A30D88 /* VKSdkFramework.xcframework */; settings = {ATTRIBUTES = (CodeSignOnCopy, RemoveHeadersOnCopy, ); }; };
		A8F2005929C850BF00A30D88 /* AuthViewController.storyboard in Resources */ = {isa = PBXBuildFile; fileRef = A8F2005829C850BF00A30D88 /* AuthViewController.storyboard */; };
		A8F2006129C883B200A30D88 /* NetworkService.swift in Sources */ = {isa = PBXBuildFile; fileRef = A8F2006029C883B200A30D88 /* NetworkService.swift */; };
		A8F2006329C884F600A30D88 /* API.swift in Sources */ = {isa = PBXBuildFile; fileRef = A8F2006229C884F600A30D88 /* API.swift */; };
		A8F796E329D2BA4A00D1C03C /* TitleView.swift in Sources */ = {isa = PBXBuildFile; fileRef = A8F796E229D2BA4A00D1C03C /* TitleView.swift */; };
		A8F796E529D2BAF800D1C03C /* InsetableTextField.swift in Sources */ = {isa = PBXBuildFile; fileRef = A8F796E429D2BAF800D1C03C /* InsetableTextField.swift */; };
		A8F796E729D2C2AF00D1C03C /* UserResponse.swift in Sources */ = {isa = PBXBuildFile; fileRef = A8F796E629D2C2AF00D1C03C /* UserResponse.swift */; };
		A8F796EA29D32D2C00D1C03C /* FooterView.swift in Sources */ = {isa = PBXBuildFile; fileRef = A8F796E929D32D2C00D1C03C /* FooterView.swift */; };
		A8F796EE29D331B800D1C03C /* Localizable.stringsdict in Resources */ = {isa = PBXBuildFile; fileRef = A8F796ED29D331B800D1C03C /* Localizable.stringsdict */; };
/* End PBXBuildFile section */

/* Begin PBXCopyFilesBuildPhase section */
		A8F2005729C84D4200A30D88 /* Embed Frameworks */ = {
			isa = PBXCopyFilesBuildPhase;
			buildActionMask = 2147483647;
			dstPath = "";
			dstSubfolderSpec = 10;
			files = (
				A8F2005629C84D4200A30D88 /* VKSdkFramework.xcframework in Embed Frameworks */,
			);
			name = "Embed Frameworks";
			runOnlyForDeploymentPostprocessing = 0;
		};
/* End PBXCopyFilesBuildPhase section */

/* Begin PBXFileReference section */
		A8199E3D29CDD10A00184F34 /* Constraints.swift */ = {isa = PBXFileReference; lastKnownFileType = sourcecode.swift; path = Constraints.swift; sourceTree = "<group>"; };
		A8199E3F29CDDA3800184F34 /* Constants.swift */ = {isa = PBXFileReference; lastKnownFileType = sourcecode.swift; path = Constants.swift; sourceTree = "<group>"; };
		A83B51CB29C899B300AD104E /* FeedResponse.swift */ = {isa = PBXFileReference; lastKnownFileType = sourcecode.swift; path = FeedResponse.swift; sourceTree = "<group>"; };
		A83B51CD29C89CEA00AD104E /* NetworkDataFetcher.swift */ = {isa = PBXFileReference; lastKnownFileType = sourcecode.swift; path = NetworkDataFetcher.swift; sourceTree = "<group>"; };
		A83B51D029C8A42200AD104E /* NewsFeedPresenter.swift */ = {isa = PBXFileReference; lastKnownFileType = sourcecode.swift; path = NewsFeedPresenter.swift; sourceTree = "<group>"; };
		A83B51D129C8A42200AD104E /* NewsFeedWorker.swift */ = {isa = PBXFileReference; lastKnownFileType = sourcecode.swift; path = NewsFeedWorker.swift; sourceTree = "<group>"; };
		A83B51D229C8A42200AD104E /* NewsFeedRouter.swift */ = {isa = PBXFileReference; lastKnownFileType = sourcecode.swift; path = NewsFeedRouter.swift; sourceTree = "<group>"; };
		A83B51D329C8A42200AD104E /* NewsFeedModels.swift */ = {isa = PBXFileReference; lastKnownFileType = sourcecode.swift; path = NewsFeedModels.swift; sourceTree = "<group>"; };
		A83B51D429C8A42200AD104E /* NewsFeedViewController.swift */ = {isa = PBXFileReference; lastKnownFileType = sourcecode.swift; path = NewsFeedViewController.swift; sourceTree = "<group>"; };
		A83B51D529C8A42200AD104E /* NewsFeedInteractor.swift */ = {isa = PBXFileReference; lastKnownFileType = sourcecode.swift; path = NewsFeedInteractor.swift; sourceTree = "<group>"; };
		A84F2DF629D1BD4C00953B92 /* GalleryCollectionView.swift */ = {isa = PBXFileReference; lastKnownFileType = sourcecode.swift; path = GalleryCollectionView.swift; sourceTree = "<group>"; };
		A84F2DF829D1BE8200953B92 /* GalleryCollectionViewCell.swift */ = {isa = PBXFileReference; lastKnownFileType = sourcecode.swift; path = GalleryCollectionViewCell.swift; sourceTree = "<group>"; };
		A84F2DFA29D1CD2900953B92 /* RowLayout.swift */ = {isa = PBXFileReference; lastKnownFileType = sourcecode.swift; path = RowLayout.swift; sourceTree = "<group>"; };
		A87685FF29CD755D00C470C5 /* NewsFeedCellLayoutCalculator.swift */ = {isa = PBXFileReference; lastKnownFileType = sourcecode.swift; path = NewsFeedCellLayoutCalculator.swift; sourceTree = "<group>"; };
		A876860129CD868D00C470C5 /* String + Height.swift */ = {isa = PBXFileReference; lastKnownFileType = sourcecode.swift; path = "String + Height.swift"; sourceTree = "<group>"; };
		A876860329CDCB4900C470C5 /* NewsFeedCodeCell.swift */ = {isa = PBXFileReference; lastKnownFileType = sourcecode.swift; path = NewsFeedCodeCell.swift; sourceTree = "<group>"; };
		A8B5AFFA29D3403E00F5E7B6 /* GradientView.swift */ = {isa = PBXFileReference; lastKnownFileType = sourcecode.swift; path = GradientView.swift; sourceTree = "<group>"; };
		A8C4A6A829CAE08100698962 /* NewsFeedViewController.storyboard */ = {isa = PBXFileReference; lastKnownFileType = file.storyboard; path = NewsFeedViewController.storyboard; sourceTree = "<group>"; };
		A8C4A6AB29CAF05700698962 /* NewsFeedCell.swift */ = {isa = PBXFileReference; lastKnownFileType = sourcecode.swift; path = NewsFeedCell.swift; sourceTree = "<group>"; };
		A8C4A6AD29CAF0B900698962 /* NewsFeedCell.xib */ = {isa = PBXFileReference; lastKnownFileType = file.xib; path = NewsFeedCell.xib; sourceTree = "<group>"; };
		A8C4A6B029CB361E00698962 /* WebImageView.swift */ = {isa = PBXFileReference; lastKnownFileType = sourcecode.swift; path = WebImageView.swift; sourceTree = "<group>"; };
		A8D27C2729C8387D0000C11B /* VKNews.app */ = {isa = PBXFileReference; explicitFileType = wrapper.application; includeInIndex = 0; path = VKNews.app; sourceTree = BUILT_PRODUCTS_DIR; };
		A8D27C2A29C8387D0000C11B /* AppDelegate.swift */ = {isa = PBXFileReference; lastKnownFileType = sourcecode.swift; path = AppDelegate.swift; sourceTree = "<group>"; };
		A8D27C2C29C8387D0000C11B /* SceneDelegate.swift */ = {isa = PBXFileReference; lastKnownFileType = sourcecode.swift; path = SceneDelegate.swift; sourceTree = "<group>"; };
		A8D27C2E29C8387D0000C11B /* AuthViewController.swift */ = {isa = PBXFileReference; lastKnownFileType = sourcecode.swift; path = AuthViewController.swift; sourceTree = "<group>"; };
		A8D27C3329C838800000C11B /* Assets.xcassets */ = {isa = PBXFileReference; lastKnownFileType = folder.assetcatalog; path = Assets.xcassets; sourceTree = "<group>"; };
		A8D27C3629C838800000C11B /* Base */ = {isa = PBXFileReference; lastKnownFileType = file.storyboard; name = Base; path = Base.lproj/LaunchScreen.storyboard; sourceTree = "<group>"; };
		A8D27C3829C838800000C11B /* Info.plist */ = {isa = PBXFileReference; lastKnownFileType = text.plist.xml; path = Info.plist; sourceTree = "<group>"; };
		A8F2004D29C846A700A30D88 /* AuthService.swift */ = {isa = PBXFileReference; lastKnownFileType = sourcecode.swift; path = AuthService.swift; sourceTree = "<group>"; };
		A8F2005429C84D4100A30D88 /* VKSdkFramework.xcframework */ = {isa = PBXFileReference; lastKnownFileType = wrapper.xcframework; name = VKSdkFramework.xcframework; path = Carthage/Build/VKSdkFramework.xcframework; sourceTree = "<group>"; };
		A8F2005829C850BF00A30D88 /* AuthViewController.storyboard */ = {isa = PBXFileReference; lastKnownFileType = file.storyboard; path = AuthViewController.storyboard; sourceTree = "<group>"; };
		A8F2006029C883B200A30D88 /* NetworkService.swift */ = {isa = PBXFileReference; lastKnownFileType = sourcecode.swift; path = NetworkService.swift; sourceTree = "<group>"; };
		A8F2006229C884F600A30D88 /* API.swift */ = {isa = PBXFileReference; lastKnownFileType = sourcecode.swift; path = API.swift; sourceTree = "<group>"; };
		A8F796E229D2BA4A00D1C03C /* TitleView.swift */ = {isa = PBXFileReference; lastKnownFileType = sourcecode.swift; path = TitleView.swift; sourceTree = "<group>"; };
		A8F796E429D2BAF800D1C03C /* InsetableTextField.swift */ = {isa = PBXFileReference; lastKnownFileType = sourcecode.swift; path = InsetableTextField.swift; sourceTree = "<group>"; };
		A8F796E629D2C2AF00D1C03C /* UserResponse.swift */ = {isa = PBXFileReference; lastKnownFileType = sourcecode.swift; path = UserResponse.swift; sourceTree = "<group>"; };
		A8F796E929D32D2C00D1C03C /* FooterView.swift */ = {isa = PBXFileReference; lastKnownFileType = sourcecode.swift; path = FooterView.swift; sourceTree = "<group>"; };
		A8F796ED29D331B800D1C03C /* Localizable.stringsdict */ = {isa = PBXFileReference; lastKnownFileType = text.plist.stringsdict; path = Localizable.stringsdict; sourceTree = "<group>"; };
/* End PBXFileReference section */

/* Begin PBXFrameworksBuildPhase section */
		A8D27C2429C8387D0000C11B /* Frameworks */ = {
			isa = PBXFrameworksBuildPhase;
			buildActionMask = 2147483647;
			files = (
				A8F2005529C84D4200A30D88 /* VKSdkFramework.xcframework in Frameworks */,
			);
			runOnlyForDeploymentPostprocessing = 0;
		};
/* End PBXFrameworksBuildPhase section */

/* Begin PBXGroup section */
		A83B51CA29C899A000AD104E /* Models */ = {
			isa = PBXGroup;
			children = (
				A83B51CB29C899B300AD104E /* FeedResponse.swift */,
				A8F796E629D2C2AF00D1C03C /* UserResponse.swift */,
			);
			path = Models;
			sourceTree = "<group>";
		};
		A83B51CF29C8A3AF00AD104E /* NewsFeed */ = {
			isa = PBXGroup;
			children = (
				A8F796EB29D3305400D1C03C /* Views */,
				A8C4A6AA29CAF04300698962 /* Cell */,
				A8C4A6A829CAE08100698962 /* NewsFeedViewController.storyboard */,
				A83B51D429C8A42200AD104E /* NewsFeedViewController.swift */,
				A83B51D529C8A42200AD104E /* NewsFeedInteractor.swift */,
				A83B51D029C8A42200AD104E /* NewsFeedPresenter.swift */,
				A83B51D329C8A42200AD104E /* NewsFeedModels.swift */,
				A83B51D129C8A42200AD104E /* NewsFeedWorker.swift */,
				A83B51D229C8A42200AD104E /* NewsFeedRouter.swift */,
			);
			path = NewsFeed;
			sourceTree = "<group>";
		};
		A84F2DF429D17A6500953B92 /* With Xib */ = {
			isa = PBXGroup;
			children = (
				A8C4A6AD29CAF0B900698962 /* NewsFeedCell.xib */,
				A8C4A6AB29CAF05700698962 /* NewsFeedCell.swift */,
			);
			path = "With Xib";
			sourceTree = "<group>";
		};
		A84F2DF529D1BD3200953B92 /* GalleryView */ = {
			isa = PBXGroup;
			children = (
				A84F2DFA29D1CD2900953B92 /* RowLayout.swift */,
				A84F2DF629D1BD4C00953B92 /* GalleryCollectionView.swift */,
				A84F2DF829D1BE8200953B92 /* GalleryCollectionViewCell.swift */,
			);
			path = GalleryView;
			sourceTree = "<group>";
		};
		A8B5AFFC29D3480000F5E7B6 /* Views */ = {
			isa = PBXGroup;
			children = (
				A8B5AFFA29D3403E00F5E7B6 /* GradientView.swift */,
				A8C4A6B029CB361E00698962 /* WebImageView.swift */,
			);
			path = Views;
			sourceTree = "<group>";
		};
		A8C4A6AA29CAF04300698962 /* Cell */ = {
			isa = PBXGroup;
			children = (
				A84F2DF429D17A6500953B92 /* With Xib */,
				A8F796EC29D3307C00D1C03C /* With Code */,
				A87685FF29CD755D00C470C5 /* NewsFeedCellLayoutCalculator.swift */,
			);
			path = Cell;
			sourceTree = "<group>";
		};
		A8C4A6AF29CB35F800698962 /* Heplers */ = {
			isa = PBXGroup;
			children = (
				A876860129CD868D00C470C5 /* String + Height.swift */,
				A8199E3D29CDD10A00184F34 /* Constraints.swift */,
			);
			path = Heplers;
			sourceTree = "<group>";
		};
		A8D27C1E29C8387D0000C11B = {
			isa = PBXGroup;
			children = (
				A8D27C2929C8387D0000C11B /* VKNews */,
				A8D27C2829C8387D0000C11B /* Products */,
				A8F2004829C8430100A30D88 /* Frameworks */,
			);
			sourceTree = "<group>";
		};
		A8D27C2829C8387D0000C11B /* Products */ = {
			isa = PBXGroup;
			children = (
				A8D27C2729C8387D0000C11B /* VKNews.app */,
			);
			name = Products;
			sourceTree = "<group>";
		};
		A8D27C2929C8387D0000C11B /* VKNews */ = {
			isa = PBXGroup;
			children = (
				A83B51CF29C8A3AF00AD104E /* NewsFeed */,
				A8F2005F29C8603900A30D88 /* AuthViewController */,
				A8F2004F29C846AC00A30D88 /* Services */,
				A8C4A6AF29CB35F800698962 /* Heplers */,
				A8B5AFFC29D3480000F5E7B6 /* Views */,
				A8D27C2A29C8387D0000C11B /* AppDelegate.swift */,
				A8D27C2C29C8387D0000C11B /* SceneDelegate.swift */,
				A8199E3F29CDDA3800184F34 /* Constants.swift */,
				A8D27C3329C838800000C11B /* Assets.xcassets */,
				A8D27C3529C838800000C11B /* LaunchScreen.storyboard */,
				A8D27C3829C838800000C11B /* Info.plist */,
				A8F796ED29D331B800D1C03C /* Localizable.stringsdict */,
			);
			path = VKNews;
			sourceTree = "<group>";
		};
		A8F2004829C8430100A30D88 /* Frameworks */ = {
			isa = PBXGroup;
			children = (
				A8F2005429C84D4100A30D88 /* VKSdkFramework.xcframework */,
			);
			name = Frameworks;
			sourceTree = "<group>";
		};
		A8F2004F29C846AC00A30D88 /* Services */ = {
			isa = PBXGroup;
			children = (
				A83B51CA29C899A000AD104E /* Models */,
				A8F2004D29C846A700A30D88 /* AuthService.swift */,
				A8F2006029C883B200A30D88 /* NetworkService.swift */,
				A83B51CD29C89CEA00AD104E /* NetworkDataFetcher.swift */,
				A8F2006229C884F600A30D88 /* API.swift */,
			);
			path = Services;
			sourceTree = "<group>";
		};
		A8F2005F29C8603900A30D88 /* AuthViewController */ = {
			isa = PBXGroup;
			children = (
				A8D27C2E29C8387D0000C11B /* AuthViewController.swift */,
				A8F2005829C850BF00A30D88 /* AuthViewController.storyboard */,
			);
			path = AuthViewController;
			sourceTree = "<group>";
		};
		A8F796E129D2BA3700D1C03C /* TitleView */ = {
			isa = PBXGroup;
			children = (
				A8F796E229D2BA4A00D1C03C /* TitleView.swift */,
				A8F796E429D2BAF800D1C03C /* InsetableTextField.swift */,
			);
			path = TitleView;
			sourceTree = "<group>";
		};
		A8F796E829D32D1B00D1C03C /* FooterView */ = {
			isa = PBXGroup;
			children = (
				A8F796E929D32D2C00D1C03C /* FooterView.swift */,
			);
			path = FooterView;
			sourceTree = "<group>";
		};
		A8F796EB29D3305400D1C03C /* Views */ = {
			isa = PBXGroup;
			children = (
				A8F796E129D2BA3700D1C03C /* TitleView */,
				A84F2DF529D1BD3200953B92 /* GalleryView */,
				A8F796E829D32D1B00D1C03C /* FooterView */,
			);
			path = Views;
			sourceTree = "<group>";
		};
		A8F796EC29D3307C00D1C03C /* With Code */ = {
			isa = PBXGroup;
			children = (
				A876860329CDCB4900C470C5 /* NewsFeedCodeCell.swift */,
			);
			path = "With Code";
			sourceTree = "<group>";
		};
/* End PBXGroup section */

/* Begin PBXNativeTarget section */
		A8D27C2629C8387D0000C11B /* VKNews */ = {
			isa = PBXNativeTarget;
			buildConfigurationList = A8D27C3B29C838800000C11B /* Build configuration list for PBXNativeTarget "VKNews" */;
			buildPhases = (
				A8D27C2329C8387D0000C11B /* Sources */,
				A8D27C2429C8387D0000C11B /* Frameworks */,
				A8D27C2529C8387D0000C11B /* Resources */,
				A8F2004629C8391300A30D88 /* ShellScript */,
				A8F2004729C841A600A30D88 /* ShellScript */,
				A8F2005729C84D4200A30D88 /* Embed Frameworks */,
			);
			buildRules = (
			);
			dependencies = (
			);
			name = VKNews;
			productName = VKNews;
			productReference = A8D27C2729C8387D0000C11B /* VKNews.app */;
			productType = "com.apple.product-type.application";
		};
/* End PBXNativeTarget section */

/* Begin PBXProject section */
		A8D27C1F29C8387D0000C11B /* Project object */ = {
			isa = PBXProject;
			attributes = {
				BuildIndependentTargetsInParallel = 1;
				LastSwiftUpdateCheck = 1400;
				LastUpgradeCheck = 1400;
				TargetAttributes = {
					A8D27C2629C8387D0000C11B = {
						CreatedOnToolsVersion = 14.0.1;
					};
				};
			};
			buildConfigurationList = A8D27C2229C8387D0000C11B /* Build configuration list for PBXProject "VKNews" */;
			compatibilityVersion = "Xcode 14.0";
			developmentRegion = en;
			hasScannedForEncodings = 0;
			knownRegions = (
				en,
				Base,
			);
			mainGroup = A8D27C1E29C8387D0000C11B;
			productRefGroup = A8D27C2829C8387D0000C11B /* Products */;
			projectDirPath = "";
			projectRoot = "";
			targets = (
				A8D27C2629C8387D0000C11B /* VKNews */,
			);
		};
/* End PBXProject section */

/* Begin PBXResourcesBuildPhase section */
		A8D27C2529C8387D0000C11B /* Resources */ = {
			isa = PBXResourcesBuildPhase;
			buildActionMask = 2147483647;
			files = (
				A8C4A6A929CAE08100698962 /* NewsFeedViewController.storyboard in Resources */,
				A8D27C3729C838800000C11B /* LaunchScreen.storyboard in Resources */,
				A8C4A6AE29CAF0B900698962 /* NewsFeedCell.xib in Resources */,
				A8F2005929C850BF00A30D88 /* AuthViewController.storyboard in Resources */,
				A8D27C3429C838800000C11B /* Assets.xcassets in Resources */,
				A8F796EE29D331B800D1C03C /* Localizable.stringsdict in Resources */,
			);
			runOnlyForDeploymentPostprocessing = 0;
		};
/* End PBXResourcesBuildPhase section */

/* Begin PBXShellScriptBuildPhase section */
		A8F2004629C8391300A30D88 /* ShellScript */ = {
			isa = PBXShellScriptBuildPhase;
			alwaysOutOfDate = 1;
			buildActionMask = 2147483647;
			files = (
			);
			inputFileListPaths = (
			);
			inputPaths = (
			);
			outputFileListPaths = (
			);
			outputPaths = (
			);
			runOnlyForDeploymentPostprocessing = 0;
			shellPath = /bin/sh;
			shellScript = "export PATH=\"$PATH:/opt/homebrew/bin\"\nif which swiftlint > /dev/null; then\n  swiftlint\nelse\n  echo \"warning: SwiftLint not installed, download from https://github.com/realm/SwiftLint\"\nfi\n";
		};
		A8F2004729C841A600A30D88 /* ShellScript */ = {
			isa = PBXShellScriptBuildPhase;
			alwaysOutOfDate = 1;
			buildActionMask = 2147483647;
			files = (
			);
			inputFileListPaths = (
			);
			inputPaths = (
				"$(SRCROOT)/Carthage/Build/iOS/VKSdkFramework.framework",
			);
			outputFileListPaths = (
			);
			outputPaths = (
			);
			runOnlyForDeploymentPostprocessing = 0;
			shellPath = /bin/sh;
			shellScript = "/usr/local/bin/carthage copy-frameworks\n";
		};
/* End PBXShellScriptBuildPhase section */

/* Begin PBXSourcesBuildPhase section */
		A8D27C2329C8387D0000C11B /* Sources */ = {
			isa = PBXSourcesBuildPhase;
			buildActionMask = 2147483647;
			files = (
				A84F2DFB29D1CD2900953B92 /* RowLayout.swift in Sources */,
				A8F796EA29D32D2C00D1C03C /* FooterView.swift in Sources */,
				A83B51CC29C899B300AD104E /* FeedResponse.swift in Sources */,
				A876860229CD868D00C470C5 /* String + Height.swift in Sources */,
				A876860429CDCB4900C470C5 /* NewsFeedCodeCell.swift in Sources */,
				A83B51D729C8A42200AD104E /* NewsFeedPresenter.swift in Sources */,
				A84F2DF929D1BE8200953B92 /* GalleryCollectionViewCell.swift in Sources */,
				A8D27C2F29C8387D0000C11B /* AuthViewController.swift in Sources */,
				A8D27C2B29C8387D0000C11B /* AppDelegate.swift in Sources */,
				A83B51DC29C8A42200AD104E /* NewsFeedInteractor.swift in Sources */,
				A8D27C2D29C8387D0000C11B /* SceneDelegate.swift in Sources */,
				A8F2006129C883B200A30D88 /* NetworkService.swift in Sources */,
				A83B51CE29C89CEA00AD104E /* NetworkDataFetcher.swift in Sources */,
				A83B51D829C8A42200AD104E /* NewsFeedWorker.swift in Sources */,
				A8199E4029CDDA3800184F34 /* Constants.swift in Sources */,
				A8F796E329D2BA4A00D1C03C /* TitleView.swift in Sources */,
				A8C4A6B129CB361E00698962 /* WebImageView.swift in Sources */,
				A8199E3E29CDD10A00184F34 /* Constraints.swift in Sources */,
				A8F796E729D2C2AF00D1C03C /* UserResponse.swift in Sources */,
				A83B51D929C8A42200AD104E /* NewsFeedRouter.swift in Sources */,
				A8F2004E29C846A700A30D88 /* AuthService.swift in Sources */,
				A8F2006329C884F600A30D88 /* API.swift in Sources */,
				A83B51DA29C8A42200AD104E /* NewsFeedModels.swift in Sources */,
				A8C4A6AC29CAF05700698962 /* NewsFeedCell.swift in Sources */,
				A84F2DF729D1BD4C00953B92 /* GalleryCollectionView.swift in Sources */,
				A83B51DB29C8A42200AD104E /* NewsFeedViewController.swift in Sources */,
				A8B5AFFB29D3403E00F5E7B6 /* GradientView.swift in Sources */,
				A876860029CD755D00C470C5 /* NewsFeedCellLayoutCalculator.swift in Sources */,
				A8F796E529D2BAF800D1C03C /* InsetableTextField.swift in Sources */,
			);
			runOnlyForDeploymentPostprocessing = 0;
		};
/* End PBXSourcesBuildPhase section */

/* Begin PBXVariantGroup section */
		A8D27C3529C838800000C11B /* LaunchScreen.storyboard */ = {
			isa = PBXVariantGroup;
			children = (
				A8D27C3629C838800000C11B /* Base */,
			);
			name = LaunchScreen.storyboard;
			sourceTree = "<group>";
		};
/* End PBXVariantGroup section */

/* Begin XCBuildConfiguration section */
		A8D27C3929C838800000C11B /* Debug */ = {
			isa = XCBuildConfiguration;
			buildSettings = {
				ALWAYS_SEARCH_USER_PATHS = NO;
				CLANG_ANALYZER_NONNULL = YES;
				CLANG_ANALYZER_NUMBER_OBJECT_CONVERSION = YES_AGGRESSIVE;
				CLANG_CXX_LANGUAGE_STANDARD = "gnu++20";
				CLANG_ENABLE_MODULES = YES;
				CLANG_ENABLE_OBJC_ARC = YES;
				CLANG_ENABLE_OBJC_WEAK = YES;
				CLANG_WARN_BLOCK_CAPTURE_AUTORELEASING = YES;
				CLANG_WARN_BOOL_CONVERSION = YES;
				CLANG_WARN_COMMA = YES;
				CLANG_WARN_CONSTANT_CONVERSION = YES;
				CLANG_WARN_DEPRECATED_OBJC_IMPLEMENTATIONS = YES;
				CLANG_WARN_DIRECT_OBJC_ISA_USAGE = YES_ERROR;
				CLANG_WARN_DOCUMENTATION_COMMENTS = YES;
				CLANG_WARN_EMPTY_BODY = YES;
				CLANG_WARN_ENUM_CONVERSION = YES;
				CLANG_WARN_INFINITE_RECURSION = YES;
				CLANG_WARN_INT_CONVERSION = YES;
				CLANG_WARN_NON_LITERAL_NULL_CONVERSION = YES;
				CLANG_WARN_OBJC_IMPLICIT_RETAIN_SELF = YES;
				CLANG_WARN_OBJC_LITERAL_CONVERSION = YES;
				CLANG_WARN_OBJC_ROOT_CLASS = YES_ERROR;
				CLANG_WARN_QUOTED_INCLUDE_IN_FRAMEWORK_HEADER = YES;
				CLANG_WARN_RANGE_LOOP_ANALYSIS = YES;
				CLANG_WARN_STRICT_PROTOTYPES = YES;
				CLANG_WARN_SUSPICIOUS_MOVE = YES;
				CLANG_WARN_UNGUARDED_AVAILABILITY = YES_AGGRESSIVE;
				CLANG_WARN_UNREACHABLE_CODE = YES;
				CLANG_WARN__DUPLICATE_METHOD_MATCH = YES;
				COPY_PHASE_STRIP = NO;
				DEBUG_INFORMATION_FORMAT = dwarf;
				ENABLE_STRICT_OBJC_MSGSEND = YES;
				ENABLE_TESTABILITY = YES;
				GCC_C_LANGUAGE_STANDARD = gnu11;
				GCC_DYNAMIC_NO_PIC = NO;
				GCC_NO_COMMON_BLOCKS = YES;
				GCC_OPTIMIZATION_LEVEL = 0;
				GCC_PREPROCESSOR_DEFINITIONS = (
					"DEBUG=1",
					"$(inherited)",
				);
				GCC_WARN_64_TO_32_BIT_CONVERSION = YES;
				GCC_WARN_ABOUT_RETURN_TYPE = YES_ERROR;
				GCC_WARN_UNDECLARED_SELECTOR = YES;
				GCC_WARN_UNINITIALIZED_AUTOS = YES_AGGRESSIVE;
				GCC_WARN_UNUSED_FUNCTION = YES;
				GCC_WARN_UNUSED_VARIABLE = YES;
				IPHONEOS_DEPLOYMENT_TARGET = 15.0;
				MTL_ENABLE_DEBUG_INFO = INCLUDE_SOURCE;
				MTL_FAST_MATH = YES;
				ONLY_ACTIVE_ARCH = YES;
				SDKROOT = iphoneos;
				SWIFT_ACTIVE_COMPILATION_CONDITIONS = DEBUG;
				SWIFT_OPTIMIZATION_LEVEL = "-Onone";
			};
			name = Debug;
		};
		A8D27C3A29C838800000C11B /* Release */ = {
			isa = XCBuildConfiguration;
			buildSettings = {
				ALWAYS_SEARCH_USER_PATHS = NO;
				CLANG_ANALYZER_NONNULL = YES;
				CLANG_ANALYZER_NUMBER_OBJECT_CONVERSION = YES_AGGRESSIVE;
				CLANG_CXX_LANGUAGE_STANDARD = "gnu++20";
				CLANG_ENABLE_MODULES = YES;
				CLANG_ENABLE_OBJC_ARC = YES;
				CLANG_ENABLE_OBJC_WEAK = YES;
				CLANG_WARN_BLOCK_CAPTURE_AUTORELEASING = YES;
				CLANG_WARN_BOOL_CONVERSION = YES;
				CLANG_WARN_COMMA = YES;
				CLANG_WARN_CONSTANT_CONVERSION = YES;
				CLANG_WARN_DEPRECATED_OBJC_IMPLEMENTATIONS = YES;
				CLANG_WARN_DIRECT_OBJC_ISA_USAGE = YES_ERROR;
				CLANG_WARN_DOCUMENTATION_COMMENTS = YES;
				CLANG_WARN_EMPTY_BODY = YES;
				CLANG_WARN_ENUM_CONVERSION = YES;
				CLANG_WARN_INFINITE_RECURSION = YES;
				CLANG_WARN_INT_CONVERSION = YES;
				CLANG_WARN_NON_LITERAL_NULL_CONVERSION = YES;
				CLANG_WARN_OBJC_IMPLICIT_RETAIN_SELF = YES;
				CLANG_WARN_OBJC_LITERAL_CONVERSION = YES;
				CLANG_WARN_OBJC_ROOT_CLASS = YES_ERROR;
				CLANG_WARN_QUOTED_INCLUDE_IN_FRAMEWORK_HEADER = YES;
				CLANG_WARN_RANGE_LOOP_ANALYSIS = YES;
				CLANG_WARN_STRICT_PROTOTYPES = YES;
				CLANG_WARN_SUSPICIOUS_MOVE = YES;
				CLANG_WARN_UNGUARDED_AVAILABILITY = YES_AGGRESSIVE;
				CLANG_WARN_UNREACHABLE_CODE = YES;
				CLANG_WARN__DUPLICATE_METHOD_MATCH = YES;
				COPY_PHASE_STRIP = NO;
				DEBUG_INFORMATION_FORMAT = "dwarf-with-dsym";
				ENABLE_NS_ASSERTIONS = NO;
				ENABLE_STRICT_OBJC_MSGSEND = YES;
				GCC_C_LANGUAGE_STANDARD = gnu11;
				GCC_NO_COMMON_BLOCKS = YES;
				GCC_WARN_64_TO_32_BIT_CONVERSION = YES;
				GCC_WARN_ABOUT_RETURN_TYPE = YES_ERROR;
				GCC_WARN_UNDECLARED_SELECTOR = YES;
				GCC_WARN_UNINITIALIZED_AUTOS = YES_AGGRESSIVE;
				GCC_WARN_UNUSED_FUNCTION = YES;
				GCC_WARN_UNUSED_VARIABLE = YES;
				IPHONEOS_DEPLOYMENT_TARGET = 15.0;
				MTL_ENABLE_DEBUG_INFO = NO;
				MTL_FAST_MATH = YES;
				SDKROOT = iphoneos;
				SWIFT_COMPILATION_MODE = wholemodule;
				SWIFT_OPTIMIZATION_LEVEL = "-O";
				VALIDATE_PRODUCT = YES;
			};
			name = Release;
		};
		A8D27C3C29C838800000C11B /* Debug */ = {
			isa = XCBuildConfiguration;
			buildSettings = {
				ASSETCATALOG_COMPILER_APPICON_NAME = AppIcon;
				ASSETCATALOG_COMPILER_GLOBAL_ACCENT_COLOR_NAME = AccentColor;
				CODE_SIGN_STYLE = Automatic;
				CURRENT_PROJECT_VERSION = 1;
				FRAMEWORK_SEARCH_PATHS = (
					"$(inherited)",
					"$(PROJECT_DIR)/Carthage/Build/iOS",
					"$(PROJECT_DIR)/Carthage/Build/VKSdkFramework.xcframework/ios-arm64_x86_64-simulator",
				);
				GENERATE_INFOPLIST_FILE = YES;
				INFOPLIST_FILE = VKNews/Info.plist;
				INFOPLIST_KEY_UIApplicationSupportsIndirectInputEvents = YES;
				INFOPLIST_KEY_UILaunchStoryboardName = LaunchScreen;
				INFOPLIST_KEY_UIMainStoryboardFile = "";
				INFOPLIST_KEY_UISupportedInterfaceOrientations_iPad = "UIInterfaceOrientationPortrait UIInterfaceOrientationPortraitUpsideDown UIInterfaceOrientationLandscapeLeft UIInterfaceOrientationLandscapeRight";
				INFOPLIST_KEY_UISupportedInterfaceOrientations_iPhone = "UIInterfaceOrientationPortrait UIInterfaceOrientationLandscapeLeft UIInterfaceOrientationLandscapeRight";
				IPHONEOS_DEPLOYMENT_TARGET = 15.0;
				LD_RUNPATH_SEARCH_PATHS = (
					"$(inherited)",
					"@executable_path/Frameworks",
				);
				MARKETING_VERSION = 1.0;
				ONLY_ACTIVE_ARCH = YES;
				PRODUCT_BUNDLE_IDENTIFIER = volkov.VKNews;
				PRODUCT_NAME = "$(TARGET_NAME)";
				SWIFT_EMIT_LOC_STRINGS = YES;
				SWIFT_VERSION = 5.0;
				TARGETED_DEVICE_FAMILY = "1,2";
			};
			name = Debug;
		};
		A8D27C3D29C838800000C11B /* Release */ = {
			isa = XCBuildConfiguration;
			buildSettings = {
				ASSETCATALOG_COMPILER_APPICON_NAME = AppIcon;
				ASSETCATALOG_COMPILER_GLOBAL_ACCENT_COLOR_NAME = AccentColor;
				CODE_SIGN_STYLE = Automatic;
				CURRENT_PROJECT_VERSION = 1;
				FRAMEWORK_SEARCH_PATHS = (
					"$(inherited)",
					"$(PROJECT_DIR)/Carthage/Build/iOS",
					"$(PROJECT_DIR)/Carthage/Build/VKSdkFramework.xcframework/ios-arm64_x86_64-simulator",
				);
				GENERATE_INFOPLIST_FILE = YES;
				INFOPLIST_FILE = VKNews/Info.plist;
				INFOPLIST_KEY_UIApplicationSupportsIndirectInputEvents = YES;
				INFOPLIST_KEY_UILaunchStoryboardName = LaunchScreen;
				INFOPLIST_KEY_UIMainStoryboardFile = "";
				INFOPLIST_KEY_UISupportedInterfaceOrientations_iPad = "UIInterfaceOrientationPortrait UIInterfaceOrientationPortraitUpsideDown UIInterfaceOrientationLandscapeLeft UIInterfaceOrientationLandscapeRight";
				INFOPLIST_KEY_UISupportedInterfaceOrientations_iPhone = "UIInterfaceOrientationPortrait UIInterfaceOrientationLandscapeLeft UIInterfaceOrientationLandscapeRight";
				IPHONEOS_DEPLOYMENT_TARGET = 15.0;
				LD_RUNPATH_SEARCH_PATHS = (
					"$(inherited)",
					"@executable_path/Frameworks",
				);
				MARKETING_VERSION = 1.0;
				PRODUCT_BUNDLE_IDENTIFIER = volkov.VKNews;
				PRODUCT_NAME = "$(TARGET_NAME)";
				SWIFT_EMIT_LOC_STRINGS = YES;
				SWIFT_VERSION = 5.0;
				TARGETED_DEVICE_FAMILY = "1,2";
			};
			name = Release;
		};
/* End XCBuildConfiguration section */

/* Begin XCConfigurationList section */
		A8D27C2229C8387D0000C11B /* Build configuration list for PBXProject "VKNews" */ = {
			isa = XCConfigurationList;
			buildConfigurations = (
				A8D27C3929C838800000C11B /* Debug */,
				A8D27C3A29C838800000C11B /* Release */,
			);
			defaultConfigurationIsVisible = 0;
			defaultConfigurationName = Release;
		};
		A8D27C3B29C838800000C11B /* Build configuration list for PBXNativeTarget "VKNews" */ = {
			isa = XCConfigurationList;
			buildConfigurations = (
				A8D27C3C29C838800000C11B /* Debug */,
				A8D27C3D29C838800000C11B /* Release */,
			);
			defaultConfigurationIsVisible = 0;
			defaultConfigurationName = Release;
		};
/* End XCConfigurationList section */
	};
	rootObject = A8D27C1F29C8387D0000C11B /* Project object */;
}
